// !$*UTF8*$!
{
	archiveVersion = 1;
	classes = {
	};
	objectVersion = 50;
	objects = {

/* Begin PBXBuildFile section */
		4984333C265E7A5F007DCD5F /* MainView.swift in Sources */ = {isa = PBXBuildFile; fileRef = 4984333B265E7A5F007DCD5F /* MainView.swift */; };
		49843342265E82B2007DCD5F /* Header.swift in Sources */ = {isa = PBXBuildFile; fileRef = 49843341265E82B2007DCD5F /* Header.swift */; };
		4984B43E2643D3F800535F1D /* Description.swift in Sources */ = {isa = PBXBuildFile; fileRef = 4984B43D2643D3F800535F1D /* Description.swift */; };
		49A781AE2643E82000BC30BA /* Gradient buttons.swift in Sources */ = {isa = PBXBuildFile; fileRef = 49A781AD2643E82000BC30BA /* Gradient buttons.swift */; };
		49A781B22643E87200BC30BA /* Gradient background.swift in Sources */ = {isa = PBXBuildFile; fileRef = 49A781B12643E87200BC30BA /* Gradient background.swift */; };
		49A781B52643E8EC00BC30BA /* Convert hex to RGB.swift in Sources */ = {isa = PBXBuildFile; fileRef = 49A781B42643E8EC00BC30BA /* Convert hex to RGB.swift */; };
		49B4C839265690EB00FEBFF1 /* SwiftDataTypesTests.swift in Sources */ = {isa = PBXBuildFile; fileRef = 49B4C838265690EB00FEBFF1 /* SwiftDataTypesTests.swift */; };
		49B4C84E2656913D00FEBFF1 /* DescriptionTest.swift in Sources */ = {isa = PBXBuildFile; fileRef = 49B4C84D2656913D00FEBFF1 /* DescriptionTest.swift */; };
		49E74DA42643FAFF00EF9963 /* Gradient View background.swift in Sources */ = {isa = PBXBuildFile; fileRef = 49E74DA32643FAFF00EF9963 /* Gradient View background.swift */; };
		49E74DA72644061A00EF9963 /* Header Customizer.swift in Sources */ = {isa = PBXBuildFile; fileRef = 49E74DA62644061A00EF9963 /* Header Customizer.swift */; };
		49E74DAC2644133500EF9963 /* String with one range attributor.swift in Sources */ = {isa = PBXBuildFile; fileRef = 49E74DAB2644133500EF9963 /* String with one range attributor.swift */; };
		49E74DAF2644136200EF9963 /* String with two range attributor.swift in Sources */ = {isa = PBXBuildFile; fileRef = 49E74DAE2644136200EF9963 /* String with two range attributor.swift */; };
		49E74DB22644138C00EF9963 /* Customize copyToClipboard buttton.swift in Sources */ = {isa = PBXBuildFile; fileRef = 49E74DB12644138C00EF9963 /* Customize copyToClipboard buttton.swift */; };
		49E74DB5264413B800EF9963 /* Customize description view.swift in Sources */ = {isa = PBXBuildFile; fileRef = 49E74DB4264413B800EF9963 /* Customize description view.swift */; };
		565F0B392539EB0A000F8A20 /* AppDelegate.swift in Sources */ = {isa = PBXBuildFile; fileRef = 565F0B382539EB0A000F8A20 /* AppDelegate.swift */; };
		565F0B3B2539EB0A000F8A20 /* SceneDelegate.swift in Sources */ = {isa = PBXBuildFile; fileRef = 565F0B3A2539EB0A000F8A20 /* SceneDelegate.swift */; };
		565F0B3D2539EB0A000F8A20 /* DataTypesViewController.swift in Sources */ = {isa = PBXBuildFile; fileRef = 565F0B3C2539EB0A000F8A20 /* DataTypesViewController.swift */; };
		565F0B402539EB0A000F8A20 /* Main.storyboard in Resources */ = {isa = PBXBuildFile; fileRef = 565F0B3E2539EB0A000F8A20 /* Main.storyboard */; };
		565F0B422539EB10000F8A20 /* Assets.xcassets in Resources */ = {isa = PBXBuildFile; fileRef = 565F0B412539EB10000F8A20 /* Assets.xcassets */; };
		565F0B452539EB10000F8A20 /* LaunchScreen.storyboard in Resources */ = {isa = PBXBuildFile; fileRef = 565F0B432539EB10000F8A20 /* LaunchScreen.storyboard */; };
/* End PBXBuildFile section */

/* Begin PBXContainerItemProxy section */
		49B4C83B265690EB00FEBFF1 /* PBXContainerItemProxy */ = {
			isa = PBXContainerItemProxy;
			containerPortal = 565F0B2D2539EB0A000F8A20 /* Project object */;
			proxyType = 1;
			remoteGlobalIDString = 565F0B342539EB0A000F8A20;
			remoteInfo = SwiftDataTypes;
		};
/* End PBXContainerItemProxy section */

/* Begin PBXFileReference section */
		4984333B265E7A5F007DCD5F /* MainView.swift */ = {isa = PBXFileReference; lastKnownFileType = sourcecode.swift; path = MainView.swift; sourceTree = "<group>"; };
		49843341265E82B2007DCD5F /* Header.swift */ = {isa = PBXFileReference; lastKnownFileType = sourcecode.swift; path = Header.swift; sourceTree = "<group>"; };
		4984B43D2643D3F800535F1D /* Description.swift */ = {isa = PBXFileReference; lastKnownFileType = sourcecode.swift; path = Description.swift; sourceTree = "<group>"; };
		49A781AD2643E82000BC30BA /* Gradient buttons.swift */ = {isa = PBXFileReference; lastKnownFileType = sourcecode.swift; path = "Gradient buttons.swift"; sourceTree = "<group>"; };
		49A781B12643E87200BC30BA /* Gradient background.swift */ = {isa = PBXFileReference; lastKnownFileType = sourcecode.swift; path = "Gradient background.swift"; sourceTree = "<group>"; };
		49A781B42643E8EC00BC30BA /* Convert hex to RGB.swift */ = {isa = PBXFileReference; lastKnownFileType = sourcecode.swift; path = "Convert hex to RGB.swift"; sourceTree = "<group>"; };
		49B4C836265690EB00FEBFF1 /* SwiftDataTypesTests.xctest */ = {isa = PBXFileReference; explicitFileType = wrapper.cfbundle; includeInIndex = 0; path = SwiftDataTypesTests.xctest; sourceTree = BUILT_PRODUCTS_DIR; };
		49B4C838265690EB00FEBFF1 /* SwiftDataTypesTests.swift */ = {isa = PBXFileReference; lastKnownFileType = sourcecode.swift; path = SwiftDataTypesTests.swift; sourceTree = "<group>"; };
		49B4C83A265690EB00FEBFF1 /* Info.plist */ = {isa = PBXFileReference; lastKnownFileType = text.plist.xml; path = Info.plist; sourceTree = "<group>"; };
		49B4C84D2656913D00FEBFF1 /* DescriptionTest.swift */ = {isa = PBXFileReference; lastKnownFileType = sourcecode.swift; path = DescriptionTest.swift; sourceTree = "<group>"; };
		49E74DA32643FAFF00EF9963 /* Gradient View background.swift */ = {isa = PBXFileReference; lastKnownFileType = sourcecode.swift; path = "Gradient View background.swift"; sourceTree = "<group>"; };
		49E74DA62644061A00EF9963 /* Header Customizer.swift */ = {isa = PBXFileReference; lastKnownFileType = sourcecode.swift; path = "Header Customizer.swift"; sourceTree = "<group>"; };
		49E74DAB2644133500EF9963 /* String with one range attributor.swift */ = {isa = PBXFileReference; lastKnownFileType = sourcecode.swift; path = "String with one range attributor.swift"; sourceTree = "<group>"; };
		49E74DAE2644136200EF9963 /* String with two range attributor.swift */ = {isa = PBXFileReference; lastKnownFileType = sourcecode.swift; path = "String with two range attributor.swift"; sourceTree = "<group>"; };
		49E74DB12644138C00EF9963 /* Customize copyToClipboard buttton.swift */ = {isa = PBXFileReference; lastKnownFileType = sourcecode.swift; path = "Customize copyToClipboard buttton.swift"; sourceTree = "<group>"; };
		49E74DB4264413B800EF9963 /* Customize description view.swift */ = {isa = PBXFileReference; lastKnownFileType = sourcecode.swift; path = "Customize description view.swift"; sourceTree = "<group>"; };
		565F0B352539EB0A000F8A20 /* SwiftDataTypes.app */ = {isa = PBXFileReference; explicitFileType = wrapper.application; includeInIndex = 0; path = SwiftDataTypes.app; sourceTree = BUILT_PRODUCTS_DIR; };
		565F0B382539EB0A000F8A20 /* AppDelegate.swift */ = {isa = PBXFileReference; lastKnownFileType = sourcecode.swift; path = AppDelegate.swift; sourceTree = "<group>"; };
		565F0B3A2539EB0A000F8A20 /* SceneDelegate.swift */ = {isa = PBXFileReference; lastKnownFileType = sourcecode.swift; path = SceneDelegate.swift; sourceTree = "<group>"; };
		565F0B3C2539EB0A000F8A20 /* DataTypesViewController.swift */ = {isa = PBXFileReference; lastKnownFileType = sourcecode.swift; path = DataTypesViewController.swift; sourceTree = "<group>"; };
		565F0B3F2539EB0A000F8A20 /* Base */ = {isa = PBXFileReference; lastKnownFileType = file.storyboard; name = Base; path = Base.lproj/Main.storyboard; sourceTree = "<group>"; };
		565F0B412539EB10000F8A20 /* Assets.xcassets */ = {isa = PBXFileReference; lastKnownFileType = folder.assetcatalog; path = Assets.xcassets; sourceTree = "<group>"; };
		565F0B442539EB10000F8A20 /* Base */ = {isa = PBXFileReference; lastKnownFileType = file.storyboard; name = Base; path = Base.lproj/LaunchScreen.storyboard; sourceTree = "<group>"; };
		565F0B462539EB10000F8A20 /* Info.plist */ = {isa = PBXFileReference; lastKnownFileType = text.plist.xml; path = Info.plist; sourceTree = "<group>"; };
/* End PBXFileReference section */

/* Begin PBXFrameworksBuildPhase section */
		49B4C833265690EB00FEBFF1 /* Frameworks */ = {
			isa = PBXFrameworksBuildPhase;
			buildActionMask = 2147483647;
			files = (
			);
			runOnlyForDeploymentPostprocessing = 0;
		};
		565F0B322539EB0A000F8A20 /* Frameworks */ = {
			isa = PBXFrameworksBuildPhase;
			buildActionMask = 2147483647;
			files = (
			);
			runOnlyForDeploymentPostprocessing = 0;
		};
/* End PBXFrameworksBuildPhase section */

/* Begin PBXGroup section */
		4984B4552643E09E00535F1D /* Model */ = {
			isa = PBXGroup;
			children = (
				4984B43D2643D3F800535F1D /* Description.swift */,
			);
			path = Model;
			sourceTree = "<group>";
		};
		4984B4572643E0A600535F1D /* Controller */ = {
			isa = PBXGroup;
			children = (
				565F0B3C2539EB0A000F8A20 /* DataTypesViewController.swift */,
			);
			path = Controller;
			sourceTree = "<group>";
		};
		4984B4592643E0B900535F1D /* View */ = {
			isa = PBXGroup;
			children = (
				565F0B3E2539EB0A000F8A20 /* Main.storyboard */,
				565F0B432539EB10000F8A20 /* LaunchScreen.storyboard */,
			);
			path = View;
			sourceTree = "<group>";
		};
		4984B45A2643E0C400535F1D /* Supported files */ = {
			isa = PBXGroup;
			children = (
				565F0B382539EB0A000F8A20 /* AppDelegate.swift */,
				565F0B3A2539EB0A000F8A20 /* SceneDelegate.swift */,
				565F0B462539EB10000F8A20 /* Info.plist */,
				565F0B412539EB10000F8A20 /* Assets.xcassets */,
			);
			path = "Supported files";
			sourceTree = "<group>";
		};
		49A781AC2643E80900BC30BA /* Extensions */ = {
			isa = PBXGroup;
			children = (
				49A781B12643E87200BC30BA /* Gradient background.swift */,
				49E74DA62644061A00EF9963 /* Header Customizer.swift */,
				49A781AD2643E82000BC30BA /* Gradient buttons.swift */,
				49E74DA32643FAFF00EF9963 /* Gradient View background.swift */,
				49E74DAB2644133500EF9963 /* String with one range attributor.swift */,
				49E74DAE2644136200EF9963 /* String with two range attributor.swift */,
				49E74DB12644138C00EF9963 /* Customize copyToClipboard buttton.swift */,
				49E74DB4264413B800EF9963 /* Customize description view.swift */,
				49A781B42643E8EC00BC30BA /* Convert hex to RGB.swift */,
			);
			path = Extensions;
			sourceTree = "<group>";
		};
		49B4C837265690EB00FEBFF1 /* SwiftDataTypesTests */ = {
			isa = PBXGroup;
			children = (
				49B4C838265690EB00FEBFF1 /* SwiftDataTypesTests.swift */,
				49B4C83A265690EB00FEBFF1 /* Info.plist */,
				49B4C8462656911200FEBFF1 /* Model */,
			);
			path = SwiftDataTypesTests;
			sourceTree = "<group>";
		};
		49B4C8462656911200FEBFF1 /* Model */ = {
			isa = PBXGroup;
			children = (
				49B4C84D2656913D00FEBFF1 /* DescriptionTest.swift */,
			);
			path = Model;
			sourceTree = "<group>";
		};
		565F0B2C2539EB0A000F8A20 = {
			isa = PBXGroup;
			children = (
				565F0B372539EB0A000F8A20 /* SwiftDataTypes */,
				49B4C837265690EB00FEBFF1 /* SwiftDataTypesTests */,
				565F0B362539EB0A000F8A20 /* Products */,
			);
			sourceTree = "<group>";
		};
		565F0B362539EB0A000F8A20 /* Products */ = {
			isa = PBXGroup;
			children = (
				565F0B352539EB0A000F8A20 /* SwiftDataTypes.app */,
				49B4C836265690EB00FEBFF1 /* SwiftDataTypesTests.xctest */,
			);
			name = Products;
			sourceTree = "<group>";
		};
		565F0B372539EB0A000F8A20 /* SwiftDataTypes */ = {
			isa = PBXGroup;
			children = (
				4984B4552643E09E00535F1D /* Model */,
				4984B4592643E0B900535F1D /* View */,
				4984B4572643E0A600535F1D /* Controller */,
				49A781AC2643E80900BC30BA /* Extensions */,
				4984B45A2643E0C400535F1D /* Supported files */,
				4984333B265E7A5F007DCD5F /* MainView.swift */,
				49843341265E82B2007DCD5F /* Header.swift */,
			);
			path = SwiftDataTypes;
			sourceTree = "<group>";
		};
/* End PBXGroup section */

/* Begin PBXNativeTarget section */
		49B4C835265690EB00FEBFF1 /* SwiftDataTypesTests */ = {
			isa = PBXNativeTarget;
			buildConfigurationList = 49B4C83D265690EB00FEBFF1 /* Build configuration list for PBXNativeTarget "SwiftDataTypesTests" */;
			buildPhases = (
				49B4C832265690EB00FEBFF1 /* Sources */,
				49B4C833265690EB00FEBFF1 /* Frameworks */,
				49B4C834265690EB00FEBFF1 /* Resources */,
			);
			buildRules = (
			);
			dependencies = (
				49B4C83C265690EB00FEBFF1 /* PBXTargetDependency */,
			);
			name = SwiftDataTypesTests;
			productName = SwiftDataTypesTests;
			productReference = 49B4C836265690EB00FEBFF1 /* SwiftDataTypesTests.xctest */;
			productType = "com.apple.product-type.bundle.unit-test";
		};
		565F0B342539EB0A000F8A20 /* SwiftDataTypes */ = {
			isa = PBXNativeTarget;
			buildConfigurationList = 565F0B492539EB10000F8A20 /* Build configuration list for PBXNativeTarget "SwiftDataTypes" */;
			buildPhases = (
				565F0B312539EB0A000F8A20 /* Sources */,
				565F0B322539EB0A000F8A20 /* Frameworks */,
				565F0B332539EB0A000F8A20 /* Resources */,
			);
			buildRules = (
			);
			dependencies = (
			);
			name = SwiftDataTypes;
			productName = SwiftDataTypes;
			productReference = 565F0B352539EB0A000F8A20 /* SwiftDataTypes.app */;
			productType = "com.apple.product-type.application";
		};
/* End PBXNativeTarget section */

/* Begin PBXProject section */
		565F0B2D2539EB0A000F8A20 /* Project object */ = {
			isa = PBXProject;
			attributes = {
				LastSwiftUpdateCheck = 1240;
				LastUpgradeCheck = 1240;
				ORGANIZATIONNAME = Tambanco;
				TargetAttributes = {
					49B4C835265690EB00FEBFF1 = {
						CreatedOnToolsVersion = 12.4;
						TestTargetID = 565F0B342539EB0A000F8A20;
					};
					565F0B342539EB0A000F8A20 = {
						CreatedOnToolsVersion = 11.4;
					};
				};
			};
			buildConfigurationList = 565F0B302539EB0A000F8A20 /* Build configuration list for PBXProject "SwiftDataTypes" */;
			compatibilityVersion = "Xcode 9.3";
			developmentRegion = en;
			hasScannedForEncodings = 0;
			knownRegions = (
				en,
				Base,
			);
			mainGroup = 565F0B2C2539EB0A000F8A20;
			productRefGroup = 565F0B362539EB0A000F8A20 /* Products */;
			projectDirPath = "";
			projectRoot = "";
			targets = (
				565F0B342539EB0A000F8A20 /* SwiftDataTypes */,
				49B4C835265690EB00FEBFF1 /* SwiftDataTypesTests */,
			);
		};
/* End PBXProject section */

/* Begin PBXResourcesBuildPhase section */
		49B4C834265690EB00FEBFF1 /* Resources */ = {
			isa = PBXResourcesBuildPhase;
			buildActionMask = 2147483647;
			files = (
			);
			runOnlyForDeploymentPostprocessing = 0;
		};
		565F0B332539EB0A000F8A20 /* Resources */ = {
			isa = PBXResourcesBuildPhase;
			buildActionMask = 2147483647;
			files = (
				565F0B452539EB10000F8A20 /* LaunchScreen.storyboard in Resources */,
				565F0B422539EB10000F8A20 /* Assets.xcassets in Resources */,
				565F0B402539EB0A000F8A20 /* Main.storyboard in Resources */,
			);
			runOnlyForDeploymentPostprocessing = 0;
		};
/* End PBXResourcesBuildPhase section */

/* Begin PBXSourcesBuildPhase section */
		49B4C832265690EB00FEBFF1 /* Sources */ = {
			isa = PBXSourcesBuildPhase;
			buildActionMask = 2147483647;
			files = (
				49B4C84E2656913D00FEBFF1 /* DescriptionTest.swift in Sources */,
				49B4C839265690EB00FEBFF1 /* SwiftDataTypesTests.swift in Sources */,
			);
			runOnlyForDeploymentPostprocessing = 0;
		};
		565F0B312539EB0A000F8A20 /* Sources */ = {
			isa = PBXSourcesBuildPhase;
			buildActionMask = 2147483647;
			files = (
				49A781B22643E87200BC30BA /* Gradient background.swift in Sources */,
				4984333C265E7A5F007DCD5F /* MainView.swift in Sources */,
				4984B43E2643D3F800535F1D /* Description.swift in Sources */,
				49E74DA42643FAFF00EF9963 /* Gradient View background.swift in Sources */,
				49E74DB5264413B800EF9963 /* Customize description view.swift in Sources */,
				49E74DAC2644133500EF9963 /* String with one range attributor.swift in Sources */,
				565F0B3D2539EB0A000F8A20 /* DataTypesViewController.swift in Sources */,
				49E74DA72644061A00EF9963 /* Header Customizer.swift in Sources */,
				49A781B52643E8EC00BC30BA /* Convert hex to RGB.swift in Sources */,
				49E74DB22644138C00EF9963 /* Customize copyToClipboard buttton.swift in Sources */,
				49843342265E82B2007DCD5F /* Header.swift in Sources */,
				565F0B392539EB0A000F8A20 /* AppDelegate.swift in Sources */,
				49A781AE2643E82000BC30BA /* Gradient buttons.swift in Sources */,
				565F0B3B2539EB0A000F8A20 /* SceneDelegate.swift in Sources */,
				49E74DAF2644136200EF9963 /* String with two range attributor.swift in Sources */,
			);
			runOnlyForDeploymentPostprocessing = 0;
		};
/* End PBXSourcesBuildPhase section */

/* Begin PBXTargetDependency section */
		49B4C83C265690EB00FEBFF1 /* PBXTargetDependency */ = {
			isa = PBXTargetDependency;
			target = 565F0B342539EB0A000F8A20 /* SwiftDataTypes */;
			targetProxy = 49B4C83B265690EB00FEBFF1 /* PBXContainerItemProxy */;
		};
/* End PBXTargetDependency section */

/* Begin PBXVariantGroup section */
		565F0B3E2539EB0A000F8A20 /* Main.storyboard */ = {
			isa = PBXVariantGroup;
			children = (
				565F0B3F2539EB0A000F8A20 /* Base */,
			);
			name = Main.storyboard;
			sourceTree = "<group>";
		};
		565F0B432539EB10000F8A20 /* LaunchScreen.storyboard */ = {
			isa = PBXVariantGroup;
			children = (
				565F0B442539EB10000F8A20 /* Base */,
			);
			name = LaunchScreen.storyboard;
			sourceTree = "<group>";
		};
/* End PBXVariantGroup section */

/* Begin XCBuildConfiguration section */
		49B4C83E265690EB00FEBFF1 /* Debug */ = {
			isa = XCBuildConfiguration;
			buildSettings = {
				BUNDLE_LOADER = "$(TEST_HOST)";
				CLANG_WARN_QUOTED_INCLUDE_IN_FRAMEWORK_HEADER = YES;
				CODE_SIGN_STYLE = Automatic;
				DEVELOPMENT_TEAM = 4LU2BMBADH;
				INFOPLIST_FILE = SwiftDataTypesTests/Info.plist;
				LD_RUNPATH_SEARCH_PATHS = (
					"$(inherited)",
					"@executable_path/Frameworks",
					"@loader_path/Frameworks",
				);
				PRODUCT_BUNDLE_IDENTIFIER = Tambanco.SwiftDataTypesTests;
				PRODUCT_NAME = "$(TARGET_NAME)";
				SWIFT_VERSION = 5.0;
				TARGETED_DEVICE_FAMILY = "1,2";
				TEST_HOST = "$(BUILT_PRODUCTS_DIR)/SwiftDataTypes.app/SwiftDataTypes";
			};
			name = Debug;
		};
		49B4C83F265690EB00FEBFF1 /* Release */ = {
			isa = XCBuildConfiguration;
			buildSettings = {
				BUNDLE_LOADER = "$(TEST_HOST)";
				CLANG_WARN_QUOTED_INCLUDE_IN_FRAMEWORK_HEADER = YES;
				CODE_SIGN_STYLE = Automatic;
				DEVELOPMENT_TEAM = 4LU2BMBADH;
				INFOPLIST_FILE = SwiftDataTypesTests/Info.plist;
				LD_RUNPATH_SEARCH_PATHS = (
					"$(inherited)",
					"@executable_path/Frameworks",
					"@loader_path/Frameworks",
				);
				PRODUCT_BUNDLE_IDENTIFIER = Tambanco.SwiftDataTypesTests;
				PRODUCT_NAME = "$(TARGET_NAME)";
				SWIFT_VERSION = 5.0;
				TARGETED_DEVICE_FAMILY = "1,2";
				TEST_HOST = "$(BUILT_PRODUCTS_DIR)/SwiftDataTypes.app/SwiftDataTypes";
			};
			name = Release;
		};
		565F0B472539EB10000F8A20 /* Debug */ = {
			isa = XCBuildConfiguration;
			buildSettings = {
				ALWAYS_SEARCH_USER_PATHS = NO;
				CLANG_ANALYZER_NONNULL = YES;
				CLANG_ANALYZER_NUMBER_OBJECT_CONVERSION = YES_AGGRESSIVE;
				CLANG_CXX_LANGUAGE_STANDARD = "gnu++14";
				CLANG_CXX_LIBRARY = "libc++";
				CLANG_ENABLE_MODULES = YES;
				CLANG_ENABLE_OBJC_ARC = YES;
				CLANG_ENABLE_OBJC_WEAK = YES;
				CLANG_WARN_BLOCK_CAPTURE_AUTORELEASING = YES;
				CLANG_WARN_BOOL_CONVERSION = YES;
				CLANG_WARN_COMMA = YES;
				CLANG_WARN_CONSTANT_CONVERSION = YES;
				CLANG_WARN_DEPRECATED_OBJC_IMPLEMENTATIONS = YES;
				CLANG_WARN_DIRECT_OBJC_ISA_USAGE = YES_ERROR;
				CLANG_WARN_DOCUMENTATION_COMMENTS = YES;
				CLANG_WARN_EMPTY_BODY = YES;
				CLANG_WARN_ENUM_CONVERSION = YES;
				CLANG_WARN_INFINITE_RECURSION = YES;
				CLANG_WARN_INT_CONVERSION = YES;
				CLANG_WARN_NON_LITERAL_NULL_CONVERSION = YES;
				CLANG_WARN_OBJC_IMPLICIT_RETAIN_SELF = YES;
				CLANG_WARN_OBJC_LITERAL_CONVERSION = YES;
				CLANG_WARN_OBJC_ROOT_CLASS = YES_ERROR;
				CLANG_WARN_QUOTED_INCLUDE_IN_FRAMEWORK_HEADER = YES;
				CLANG_WARN_RANGE_LOOP_ANALYSIS = YES;
				CLANG_WARN_STRICT_PROTOTYPES = YES;
				CLANG_WARN_SUSPICIOUS_MOVE = YES;
				CLANG_WARN_UNGUARDED_AVAILABILITY = YES_AGGRESSIVE;
				CLANG_WARN_UNREACHABLE_CODE = YES;
				CLANG_WARN__DUPLICATE_METHOD_MATCH = YES;
				COPY_PHASE_STRIP = NO;
				DEBUG_INFORMATION_FORMAT = dwarf;
				ENABLE_STRICT_OBJC_MSGSEND = YES;
				ENABLE_TESTABILITY = YES;
				GCC_C_LANGUAGE_STANDARD = gnu11;
				GCC_DYNAMIC_NO_PIC = NO;
				GCC_NO_COMMON_BLOCKS = YES;
				GCC_OPTIMIZATION_LEVEL = 0;
				GCC_PREPROCESSOR_DEFINITIONS = (
					"DEBUG=1",
					"$(inherited)",
				);
				GCC_WARN_64_TO_32_BIT_CONVERSION = YES;
				GCC_WARN_ABOUT_RETURN_TYPE = YES_ERROR;
				GCC_WARN_UNDECLARED_SELECTOR = YES;
				GCC_WARN_UNINITIALIZED_AUTOS = YES_AGGRESSIVE;
				GCC_WARN_UNUSED_FUNCTION = YES;
				GCC_WARN_UNUSED_VARIABLE = YES;
				IPHONEOS_DEPLOYMENT_TARGET = 14.4;
				MTL_ENABLE_DEBUG_INFO = INCLUDE_SOURCE;
				MTL_FAST_MATH = YES;
				ONLY_ACTIVE_ARCH = YES;
				SDKROOT = iphoneos;
				SWIFT_ACTIVE_COMPILATION_CONDITIONS = DEBUG;
				SWIFT_OPTIMIZATION_LEVEL = "-Onone";
			};
			name = Debug;
		};
		565F0B482539EB10000F8A20 /* Release */ = {
			isa = XCBuildConfiguration;
			buildSettings = {
				ALWAYS_SEARCH_USER_PATHS = NO;
				CLANG_ANALYZER_NONNULL = YES;
				CLANG_ANALYZER_NUMBER_OBJECT_CONVERSION = YES_AGGRESSIVE;
				CLANG_CXX_LANGUAGE_STANDARD = "gnu++14";
				CLANG_CXX_LIBRARY = "libc++";
				CLANG_ENABLE_MODULES = YES;
				CLANG_ENABLE_OBJC_ARC = YES;
				CLANG_ENABLE_OBJC_WEAK = YES;
				CLANG_WARN_BLOCK_CAPTURE_AUTORELEASING = YES;
				CLANG_WARN_BOOL_CONVERSION = YES;
				CLANG_WARN_COMMA = YES;
				CLANG_WARN_CONSTANT_CONVERSION = YES;
				CLANG_WARN_DEPRECATED_OBJC_IMPLEMENTATIONS = YES;
				CLANG_WARN_DIRECT_OBJC_ISA_USAGE = YES_ERROR;
				CLANG_WARN_DOCUMENTATION_COMMENTS = YES;
				CLANG_WARN_EMPTY_BODY = YES;
				CLANG_WARN_ENUM_CONVERSION = YES;
				CLANG_WARN_INFINITE_RECURSION = YES;
				CLANG_WARN_INT_CONVERSION = YES;
				CLANG_WARN_NON_LITERAL_NULL_CONVERSION = YES;
				CLANG_WARN_OBJC_IMPLICIT_RETAIN_SELF = YES;
				CLANG_WARN_OBJC_LITERAL_CONVERSION = YES;
				CLANG_WARN_OBJC_ROOT_CLASS = YES_ERROR;
				CLANG_WARN_QUOTED_INCLUDE_IN_FRAMEWORK_HEADER = YES;
				CLANG_WARN_RANGE_LOOP_ANALYSIS = YES;
				CLANG_WARN_STRICT_PROTOTYPES = YES;
				CLANG_WARN_SUSPICIOUS_MOVE = YES;
				CLANG_WARN_UNGUARDED_AVAILABILITY = YES_AGGRESSIVE;
				CLANG_WARN_UNREACHABLE_CODE = YES;
				CLANG_WARN__DUPLICATE_METHOD_MATCH = YES;
				COPY_PHASE_STRIP = NO;
				DEBUG_INFORMATION_FORMAT = "dwarf-with-dsym";
				ENABLE_NS_ASSERTIONS = NO;
				ENABLE_STRICT_OBJC_MSGSEND = YES;
				GCC_C_LANGUAGE_STANDARD = gnu11;
				GCC_NO_COMMON_BLOCKS = YES;
				GCC_WARN_64_TO_32_BIT_CONVERSION = YES;
				GCC_WARN_ABOUT_RETURN_TYPE = YES_ERROR;
				GCC_WARN_UNDECLARED_SELECTOR = YES;
				GCC_WARN_UNINITIALIZED_AUTOS = YES_AGGRESSIVE;
				GCC_WARN_UNUSED_FUNCTION = YES;
				GCC_WARN_UNUSED_VARIABLE = YES;
				IPHONEOS_DEPLOYMENT_TARGET = 14.4;
				MTL_ENABLE_DEBUG_INFO = NO;
				MTL_FAST_MATH = YES;
				SDKROOT = iphoneos;
				SWIFT_COMPILATION_MODE = wholemodule;
				SWIFT_OPTIMIZATION_LEVEL = "-O";
				VALIDATE_PRODUCT = YES;
			};
			name = Release;
		};
		565F0B4A2539EB10000F8A20 /* Debug */ = {
			isa = XCBuildConfiguration;
			buildSettings = {
				ASSETCATALOG_COMPILER_APPICON_NAME = AppIcon;
				CODE_SIGN_STYLE = Automatic;
				DEVELOPMENT_TEAM = 4LU2BMBADH;
				INFOPLIST_FILE = "SwiftDataTypes/Supported files/Info.plist";
				LD_RUNPATH_SEARCH_PATHS = (
					"$(inherited)",
					"@executable_path/Frameworks",
				);
				PRODUCT_BUNDLE_IDENTIFIER = "-.SwiftDataTypes";
				PRODUCT_NAME = "$(TARGET_NAME)";
				SWIFT_VERSION = 5.0;
				TARGETED_DEVICE_FAMILY = "1,2";
			};
			name = Debug;
		};
		565F0B4B2539EB10000F8A20 /* Release */ = {
			isa = XCBuildConfiguration;
			buildSettings = {
				ASSETCATALOG_COMPILER_APPICON_NAME = AppIcon;
				CODE_SIGN_STYLE = Automatic;
				DEVELOPMENT_TEAM = 4LU2BMBADH;
				INFOPLIST_FILE = "SwiftDataTypes/Supported files/Info.plist";
				LD_RUNPATH_SEARCH_PATHS = (
					"$(inherited)",
					"@executable_path/Frameworks",
				);
				PRODUCT_BUNDLE_IDENTIFIER = "-.SwiftDataTypes";
				PRODUCT_NAME = "$(TARGET_NAME)";
				SWIFT_VERSION = 5.0;
				TARGETED_DEVICE_FAMILY = "1,2";
			};
			name = Release;
		};
/* End XCBuildConfiguration section */

/* Begin XCConfigurationList section */
		49B4C83D265690EB00FEBFF1 /* Build configuration list for PBXNativeTarget "SwiftDataTypesTests" */ = {
			isa = XCConfigurationList;
			buildConfigurations = (
				49B4C83E265690EB00FEBFF1 /* Debug */,
				49B4C83F265690EB00FEBFF1 /* Release */,
			);
			defaultConfigurationIsVisible = 0;
			defaultConfigurationName = Release;
		};
		565F0B302539EB0A000F8A20 /* Build configuration list for PBXProject "SwiftDataTypes" */ = {
			isa = XCConfigurationList;
			buildConfigurations = (
				565F0B472539EB10000F8A20 /* Debug */,
				565F0B482539EB10000F8A20 /* Release */,
			);
			defaultConfigurationIsVisible = 0;
			defaultConfigurationName = Release;
		};
		565F0B492539EB10000F8A20 /* Build configuration list for PBXNativeTarget "SwiftDataTypes" */ = {
			isa = XCConfigurationList;
			buildConfigurations = (
				565F0B4A2539EB10000F8A20 /* Debug */,
				565F0B4B2539EB10000F8A20 /* Release */,
			);
			defaultConfigurationIsVisible = 0;
			defaultConfigurationName = Release;
		};
/* End XCConfigurationList section */
	};
	rootObject = 565F0B2D2539EB0A000F8A20 /* Project object */;
}
